
Microsoft Visual Studio Solution File, Format Version 12.00
# Visual Studio Version 17
VisualStudioVersion = 17.2.32630.192
MinimumVisualStudioVersion = 10.0.40219.1
Project("{FAE04EC0-301F-11D3-BF4B-00C04F79EFBC}") = "week2_task2", "week2_task2\week2_task2.csproj", "{57F95643-B947-496B-AFBE-DDA1CBC4776F}"
EndProject
Global
	GlobalSection(SolutionConfigurationPlatforms) = preSolution
		Debug|Any CPU = Debug|Any CPU
		Release|Any CPU = Release|Any CPU
	EndGlobalSection
	GlobalSection(ProjectConfigurationPlatforms) = postSolution
		{57F95643-B947-496B-AFBE-DDA1CBC4776F}.Debug|Any CPU.ActiveCfg = Debug|Any CPU
		{57F95643-B947-496B-AFBE-DDA1CBC4776F}.Debug|Any CPU.Build.0 = Debug|Any CPU
		{57F95643-B947-496B-AFBE-DDA1CBC4776F}.Release|Any CPU.ActiveCfg = Release|Any CPU
		{57F95643-B947-496B-AFBE-DDA1CBC4776F}.Release|Any CPU.Build.0 = Release|Any CPU
	EndGlobalSection
	GlobalSection(SolutionProperties) = preSolution
		HideSolutionNode = FALSE
	EndGlobalSection
	GlobalSection(ExtensibilityGlobals) = postSolution
		SolutionGuid = {6D0B6AC5-F1A4-46CA-BBCD-BD0A44D43322}
	EndGlobalSection
EndGlobal
